// !$*UTF8*$!
{
	archiveVersion = 1;
	classes = {
	};
	objectVersion = 50;
	objects = {

/* Begin PBXBuildFile section */
		04B5DF0D24656AAC008D4C84 /* AppDelegate.swift in Sources */ = {isa = PBXBuildFile; fileRef = 04B5DF0C24656AAC008D4C84 /* AppDelegate.swift */; };
		04B5DF0F24656AAC008D4C84 /* ViewController.swift in Sources */ = {isa = PBXBuildFile; fileRef = 04B5DF0E24656AAC008D4C84 /* ViewController.swift */; };
		04B5DF1124656AAC008D4C84 /* Experience.rcproject in Sources */ = {isa = PBXBuildFile; fileRef = 04B5DF1024656AAC008D4C84 /* Experience.rcproject */; };
		04B5DF1424656AAC008D4C84 /* Main.storyboard in Resources */ = {isa = PBXBuildFile; fileRef = 04B5DF1224656AAC008D4C84 /* Main.storyboard */; };
		04B5DF1624656AAD008D4C84 /* Assets.xcassets in Resources */ = {isa = PBXBuildFile; fileRef = 04B5DF1524656AAD008D4C84 /* Assets.xcassets */; };
		04B5DF1924656AAD008D4C84 /* LaunchScreen.storyboard in Resources */ = {isa = PBXBuildFile; fileRef = 04B5DF1724656AAD008D4C84 /* LaunchScreen.storyboard */; };
		04B5DF2424656AAD008D4C84 /* Image_Tracking_TutorialTests.swift in Sources */ = {isa = PBXBuildFile; fileRef = 04B5DF2324656AAD008D4C84 /* Image_Tracking_TutorialTests.swift */; };
		04B5DF2F24656AAD008D4C84 /* Image_Tracking_TutorialUITests.swift in Sources */ = {isa = PBXBuildFile; fileRef = 04B5DF2E24656AAD008D4C84 /* Image_Tracking_TutorialUITests.swift */; };
		04B5DF3E24656AF5008D4C84 /* plane.usdz in Resources */ = {isa = PBXBuildFile; fileRef = 04B5DF3C24656AF5008D4C84 /* plane.usdz */; };
		04B5DF3F24656AF5008D4C84 /* earth.usdz in Resources */ = {isa = PBXBuildFile; fileRef = 04B5DF3D24656AF5008D4C84 /* earth.usdz */; };
/* End PBXBuildFile section */

/* Begin PBXContainerItemProxy section */
		04B5DF2024656AAD008D4C84 /* PBXContainerItemProxy */ = {
			isa = PBXContainerItemProxy;
			containerPortal = 04B5DF0124656AAC008D4C84 /* Project object */;
			proxyType = 1;
			remoteGlobalIDString = 04B5DF0824656AAC008D4C84;
			remoteInfo = "Image Tracking Tutorial";
		};
		04B5DF2B24656AAD008D4C84 /* PBXContainerItemProxy */ = {
			isa = PBXContainerItemProxy;
			containerPortal = 04B5DF0124656AAC008D4C84 /* Project object */;
			proxyType = 1;
			remoteGlobalIDString = 04B5DF0824656AAC008D4C84;
			remoteInfo = "Image Tracking Tutorial";
		};
/* End PBXContainerItemProxy section */

/* Begin PBXFileReference section */
		04B5DF0924656AAC008D4C84 /* Image Tracking Tutorial.app */ = {isa = PBXFileReference; explicitFileType = wrapper.application; includeInIndex = 0; path = "Image Tracking Tutorial.app"; sourceTree = BUILT_PRODUCTS_DIR; };
		04B5DF0C24656AAC008D4C84 /* AppDelegate.swift */ = {isa = PBXFileReference; lastKnownFileType = sourcecode.swift; path = AppDelegate.swift; sourceTree = "<group>"; };
		04B5DF0E24656AAC008D4C84 /* ViewController.swift */ = {isa = PBXFileReference; lastKnownFileType = sourcecode.swift; path = ViewController.swift; sourceTree = "<group>"; };
		04B5DF1024656AAC008D4C84 /* Experience.rcproject */ = {isa = PBXFileReference; lastKnownFileType = file.rcproject; path = Experience.rcproject; sourceTree = "<group>"; };
		04B5DF1324656AAC008D4C84 /* Base */ = {isa = PBXFileReference; lastKnownFileType = file.storyboard; name = Base; path = Base.lproj/Main.storyboard; sourceTree = "<group>"; };
		04B5DF1524656AAD008D4C84 /* Assets.xcassets */ = {isa = PBXFileReference; lastKnownFileType = folder.assetcatalog; path = Assets.xcassets; sourceTree = "<group>"; };
		04B5DF1824656AAD008D4C84 /* Base */ = {isa = PBXFileReference; lastKnownFileType = file.storyboard; name = Base; path = Base.lproj/LaunchScreen.storyboard; sourceTree = "<group>"; };
		04B5DF1A24656AAD008D4C84 /* Info.plist */ = {isa = PBXFileReference; lastKnownFileType = text.plist.xml; path = Info.plist; sourceTree = "<group>"; };
		04B5DF1F24656AAD008D4C84 /* Image Tracking TutorialTests.xctest */ = {isa = PBXFileReference; explicitFileType = wrapper.cfbundle; includeInIndex = 0; path = "Image Tracking TutorialTests.xctest"; sourceTree = BUILT_PRODUCTS_DIR; };
		04B5DF2324656AAD008D4C84 /* Image_Tracking_TutorialTests.swift */ = {isa = PBXFileReference; lastKnownFileType = sourcecode.swift; path = Image_Tracking_TutorialTests.swift; sourceTree = "<group>"; };
		04B5DF2524656AAD008D4C84 /* Info.plist */ = {isa = PBXFileReference; lastKnownFileType = text.plist.xml; path = Info.plist; sourceTree = "<group>"; };
		04B5DF2A24656AAD008D4C84 /* Image Tracking TutorialUITests.xctest */ = {isa = PBXFileReference; explicitFileType = wrapper.cfbundle; includeInIndex = 0; path = "Image Tracking TutorialUITests.xctest"; sourceTree = BUILT_PRODUCTS_DIR; };
		04B5DF2E24656AAD008D4C84 /* Image_Tracking_TutorialUITests.swift */ = {isa = PBXFileReference; lastKnownFileType = sourcecode.swift; path = Image_Tracking_TutorialUITests.swift; sourceTree = "<group>"; };
		04B5DF3024656AAD008D4C84 /* Info.plist */ = {isa = PBXFileReference; lastKnownFileType = text.plist.xml; path = Info.plist; sourceTree = "<group>"; };
		04B5DF3C24656AF5008D4C84 /* plane.usdz */ = {isa = PBXFileReference; lastKnownFileType = file.usdz; name = plane.usdz; path = ../../../assets/plane.usdz; sourceTree = "<group>"; };
		04B5DF3D24656AF5008D4C84 /* earth.usdz */ = {isa = PBXFileReference; lastKnownFileType = file.usdz; name = earth.usdz; path = ../../../assets/earth.usdz; sourceTree = "<group>"; };
/* End PBXFileReference section */

/* Begin PBXFrameworksBuildPhase section */
		04B5DF0624656AAC008D4C84 /* Frameworks */ = {
			isa = PBXFrameworksBuildPhase;
			buildActionMask = 2147483647;
			files = (
			);
			runOnlyForDeploymentPostprocessing = 0;
		};
		04B5DF1C24656AAD008D4C84 /* Frameworks */ = {
			isa = PBXFrameworksBuildPhase;
			buildActionMask = 2147483647;
			files = (
			);
			runOnlyForDeploymentPostprocessing = 0;
		};
		04B5DF2724656AAD008D4C84 /* Frameworks */ = {
			isa = PBXFrameworksBuildPhase;
			buildActionMask = 2147483647;
			files = (
			);
			runOnlyForDeploymentPostprocessing = 0;
		};
/* End PBXFrameworksBuildPhase section */

/* Begin PBXGroup section */
		04B5DF0024656AAC008D4C84 = {
			isa = PBXGroup;
			children = (
				04B5DF0B24656AAC008D4C84 /* Image Tracking Tutorial */,
				04B5DF2224656AAD008D4C84 /* Image Tracking TutorialTests */,
				04B5DF2D24656AAD008D4C84 /* Image Tracking TutorialUITests */,
				04B5DF0A24656AAC008D4C84 /* Products */,
			);
			sourceTree = "<group>";
		};
		04B5DF0A24656AAC008D4C84 /* Products */ = {
			isa = PBXGroup;
			children = (
				04B5DF0924656AAC008D4C84 /* Image Tracking Tutorial.app */,
				04B5DF1F24656AAD008D4C84 /* Image Tracking TutorialTests.xctest */,
				04B5DF2A24656AAD008D4C84 /* Image Tracking TutorialUITests.xctest */,
			);
			name = Products;
			sourceTree = "<group>";
		};
		04B5DF0B24656AAC008D4C84 /* Image Tracking Tutorial */ = {
			isa = PBXGroup;
			children = (
				04B5DF0C24656AAC008D4C84 /* AppDelegate.swift */,
				04B5DF0E24656AAC008D4C84 /* ViewController.swift */,
				04B5DF1024656AAC008D4C84 /* Experience.rcproject */,
				04B5DF3D24656AF5008D4C84 /* earth.usdz */,
				04B5DF3C24656AF5008D4C84 /* plane.usdz */,
				04B5DF1224656AAC008D4C84 /* Main.storyboard */,
				04B5DF1524656AAD008D4C84 /* Assets.xcassets */,
				04B5DF1724656AAD008D4C84 /* LaunchScreen.storyboard */,
				04B5DF1A24656AAD008D4C84 /* Info.plist */,
			);
			path = "Image Tracking Tutorial";
			sourceTree = "<group>";
		};
		04B5DF2224656AAD008D4C84 /* Image Tracking TutorialTests */ = {
			isa = PBXGroup;
			children = (
				04B5DF2324656AAD008D4C84 /* Image_Tracking_TutorialTests.swift */,
				04B5DF2524656AAD008D4C84 /* Info.plist */,
			);
			path = "Image Tracking TutorialTests";
			sourceTree = "<group>";
		};
		04B5DF2D24656AAD008D4C84 /* Image Tracking TutorialUITests */ = {
			isa = PBXGroup;
			children = (
				04B5DF2E24656AAD008D4C84 /* Image_Tracking_TutorialUITests.swift */,
				04B5DF3024656AAD008D4C84 /* Info.plist */,
			);
			path = "Image Tracking TutorialUITests";
			sourceTree = "<group>";
		};
/* End PBXGroup section */

/* Begin PBXNativeTarget section */
		04B5DF0824656AAC008D4C84 /* Image Tracking Tutorial */ = {
			isa = PBXNativeTarget;
			buildConfigurationList = 04B5DF3324656AAD008D4C84 /* Build configuration list for PBXNativeTarget "Image Tracking Tutorial" */;
			buildPhases = (
				04B5DF0524656AAC008D4C84 /* Sources */,
				04B5DF0624656AAC008D4C84 /* Frameworks */,
				04B5DF0724656AAC008D4C84 /* Resources */,
			);
			buildRules = (
			);
			dependencies = (
			);
			name = "Image Tracking Tutorial";
			productName = "Image Tracking Tutorial";
			productReference = 04B5DF0924656AAC008D4C84 /* Image Tracking Tutorial.app */;
			productType = "com.apple.product-type.application";
		};
		04B5DF1E24656AAD008D4C84 /* Image Tracking TutorialTests */ = {
			isa = PBXNativeTarget;
			buildConfigurationList = 04B5DF3624656AAD008D4C84 /* Build configuration list for PBXNativeTarget "Image Tracking TutorialTests" */;
			buildPhases = (
				04B5DF1B24656AAD008D4C84 /* Sources */,
				04B5DF1C24656AAD008D4C84 /* Frameworks */,
				04B5DF1D24656AAD008D4C84 /* Resources */,
			);
			buildRules = (
			);
			dependencies = (
				04B5DF2124656AAD008D4C84 /* PBXTargetDependency */,
			);
			name = "Image Tracking TutorialTests";
			productName = "Image Tracking TutorialTests";
			productReference = 04B5DF1F24656AAD008D4C84 /* Image Tracking TutorialTests.xctest */;
			productType = "com.apple.product-type.bundle.unit-test";
		};
		04B5DF2924656AAD008D4C84 /* Image Tracking TutorialUITests */ = {
			isa = PBXNativeTarget;
			buildConfigurationList = 04B5DF3924656AAD008D4C84 /* Build configuration list for PBXNativeTarget "Image Tracking TutorialUITests" */;
			buildPhases = (
				04B5DF2624656AAD008D4C84 /* Sources */,
				04B5DF2724656AAD008D4C84 /* Frameworks */,
				04B5DF2824656AAD008D4C84 /* Resources */,
			);
			buildRules = (
			);
			dependencies = (
				04B5DF2C24656AAD008D4C84 /* PBXTargetDependency */,
			);
			name = "Image Tracking TutorialUITests";
			productName = "Image Tracking TutorialUITests";
			productReference = 04B5DF2A24656AAD008D4C84 /* Image Tracking TutorialUITests.xctest */;
			productType = "com.apple.product-type.bundle.ui-testing";
		};
/* End PBXNativeTarget section */

/* Begin PBXProject section */
		04B5DF0124656AAC008D4C84 /* Project object */ = {
			isa = PBXProject;
			attributes = {
				LastSwiftUpdateCheck = 1130;
				LastUpgradeCheck = 1130;
				ORGANIZATIONNAME = "Hey! Let's Code";
				TargetAttributes = {
					04B5DF0824656AAC008D4C84 = {
						CreatedOnToolsVersion = 11.3;
					};
					04B5DF1E24656AAD008D4C84 = {
						CreatedOnToolsVersion = 11.3;
						TestTargetID = 04B5DF0824656AAC008D4C84;
					};
					04B5DF2924656AAD008D4C84 = {
						CreatedOnToolsVersion = 11.3;
						TestTargetID = 04B5DF0824656AAC008D4C84;
					};
				};
			};
			buildConfigurationList = 04B5DF0424656AAC008D4C84 /* Build configuration list for PBXProject "Image Tracking Tutorial" */;
			compatibilityVersion = "Xcode 9.3";
			developmentRegion = en;
			hasScannedForEncodings = 0;
			knownRegions = (
				en,
				Base,
			);
			mainGroup = 04B5DF0024656AAC008D4C84;
			productRefGroup = 04B5DF0A24656AAC008D4C84 /* Products */;
			projectDirPath = "";
			projectRoot = "";
			targets = (
				04B5DF0824656AAC008D4C84 /* Image Tracking Tutorial */,
				04B5DF1E24656AAD008D4C84 /* Image Tracking TutorialTests */,
				04B5DF2924656AAD008D4C84 /* Image Tracking TutorialUITests */,
			);
		};
/* End PBXProject section */

/* Begin PBXResourcesBuildPhase section */
		04B5DF0724656AAC008D4C84 /* Resources */ = {
			isa = PBXResourcesBuildPhase;
			buildActionMask = 2147483647;
			files = (
				04B5DF1924656AAD008D4C84 /* LaunchScreen.storyboard in Resources */,
				04B5DF1624656AAD008D4C84 /* Assets.xcassets in Resources */,
				04B5DF3E24656AF5008D4C84 /* plane.usdz in Resources */,
				04B5DF3F24656AF5008D4C84 /* earth.usdz in Resources */,
				04B5DF1424656AAC008D4C84 /* Main.storyboard in Resources */,
			);
			runOnlyForDeploymentPostprocessing = 0;
		};
		04B5DF1D24656AAD008D4C84 /* Resources */ = {
			isa = PBXResourcesBuildPhase;
			buildActionMask = 2147483647;
			files = (
			);
			runOnlyForDeploymentPostprocessing = 0;
		};
		04B5DF2824656AAD008D4C84 /* Resources */ = {
			isa = PBXResourcesBuildPhase;
			buildActionMask = 2147483647;
			files = (
			);
			runOnlyForDeploymentPostprocessing = 0;
		};
/* End PBXResourcesBuildPhase section */

/* Begin PBXSourcesBuildPhase section */
		04B5DF0524656AAC008D4C84 /* Sources */ = {
			isa = PBXSourcesBuildPhase;
			buildActionMask = 2147483647;
			files = (
				04B5DF0F24656AAC008D4C84 /* ViewController.swift in Sources */,
				04B5DF0D24656AAC008D4C84 /* AppDelegate.swift in Sources */,
				04B5DF1124656AAC008D4C84 /* Experience.rcproject in Sources */,
			);
			runOnlyForDeploymentPostprocessing = 0;
		};
		04B5DF1B24656AAD008D4C84 /* Sources */ = {
			isa = PBXSourcesBuildPhase;
			buildActionMask = 2147483647;
			files = (
				04B5DF2424656AAD008D4C84 /* Image_Tracking_TutorialTests.swift in Sources */,
			);
			runOnlyForDeploymentPostprocessing = 0;
		};
		04B5DF2624656AAD008D4C84 /* Sources */ = {
			isa = PBXSourcesBuildPhase;
			buildActionMask = 2147483647;
			files = (
				04B5DF2F24656AAD008D4C84 /* Image_Tracking_TutorialUITests.swift in Sources */,
			);
			runOnlyForDeploymentPostprocessing = 0;
		};
/* End PBXSourcesBuildPhase section */

/* Begin PBXTargetDependency section */
		04B5DF2124656AAD008D4C84 /* PBXTargetDependency */ = {
			isa = PBXTargetDependency;
			target = 04B5DF0824656AAC008D4C84 /* Image Tracking Tutorial */;
			targetProxy = 04B5DF2024656AAD008D4C84 /* PBXContainerItemProxy */;
		};
		04B5DF2C24656AAD008D4C84 /* PBXTargetDependency */ = {
			isa = PBXTargetDependency;
			target = 04B5DF0824656AAC008D4C84 /* Image Tracking Tutorial */;
			targetProxy = 04B5DF2B24656AAD008D4C84 /* PBXContainerItemProxy */;
		};
/* End PBXTargetDependency section */

/* Begin PBXVariantGroup section */
		04B5DF1224656AAC008D4C84 /* Main.storyboard */ = {
			isa = PBXVariantGroup;
			children = (
				04B5DF1324656AAC008D4C84 /* Base */,
			);
			name = Main.storyboard;
			sourceTree = "<group>";
		};
		04B5DF1724656AAD008D4C84 /* LaunchScreen.storyboard */ = {
			isa = PBXVariantGroup;
			children = (
				04B5DF1824656AAD008D4C84 /* Base */,
			);
			name = LaunchScreen.storyboard;
			sourceTree = "<group>";
		};
/* End PBXVariantGroup section */

/* Begin XCBuildConfiguration section */
		04B5DF3124656AAD008D4C84 /* Debug */ = {
			isa = XCBuildConfiguration;
			buildSettings = {
				ALWAYS_SEARCH_USER_PATHS = NO;
				CLANG_ANALYZER_NONNULL = YES;
				CLANG_ANALYZER_NUMBER_OBJECT_CONVERSION = YES_AGGRESSIVE;
				CLANG_CXX_LANGUAGE_STANDARD = "gnu++14";
				CLANG_CXX_LIBRARY = "libc++";
				CLANG_ENABLE_MODULES = YES;
				CLANG_ENABLE_OBJC_ARC = YES;
				CLANG_ENABLE_OBJC_WEAK = YES;
				CLANG_WARN_BLOCK_CAPTURE_AUTORELEASING = YES;
				CLANG_WARN_BOOL_CONVERSION = YES;
				CLANG_WARN_COMMA = YES;
				CLANG_WARN_CONSTANT_CONVERSION = YES;
				CLANG_WARN_DEPRECATED_OBJC_IMPLEMENTATIONS = YES;
				CLANG_WARN_DIRECT_OBJC_ISA_USAGE = YES_ERROR;
				CLANG_WARN_DOCUMENTATION_COMMENTS = YES;
				CLANG_WARN_EMPTY_BODY = YES;
				CLANG_WARN_ENUM_CONVERSION = YES;
				CLANG_WARN_INFINITE_RECURSION = YES;
				CLANG_WARN_INT_CONVERSION = YES;
				CLANG_WARN_NON_LITERAL_NULL_CONVERSION = YES;
				CLANG_WARN_OBJC_IMPLICIT_RETAIN_SELF = YES;
				CLANG_WARN_OBJC_LITERAL_CONVERSION = YES;
				CLANG_WARN_OBJC_ROOT_CLASS = YES_ERROR;
				CLANG_WARN_RANGE_LOOP_ANALYSIS = YES;
				CLANG_WARN_STRICT_PROTOTYPES = YES;
				CLANG_WARN_SUSPICIOUS_MOVE = YES;
				CLANG_WARN_UNGUARDED_AVAILABILITY = YES_AGGRESSIVE;
				CLANG_WARN_UNREACHABLE_CODE = YES;
				CLANG_WARN__DUPLICATE_METHOD_MATCH = YES;
				COPY_PHASE_STRIP = NO;
				DEBUG_INFORMATION_FORMAT = dwarf;
				ENABLE_STRICT_OBJC_MSGSEND = YES;
				ENABLE_TESTABILITY = YES;
				GCC_C_LANGUAGE_STANDARD = gnu11;
				GCC_DYNAMIC_NO_PIC = NO;
				GCC_NO_COMMON_BLOCKS = YES;
				GCC_OPTIMIZATION_LEVEL = 0;
				GCC_PREPROCESSOR_DEFINITIONS = (
					"DEBUG=1",
					"$(inherited)",
				);
				GCC_WARN_64_TO_32_BIT_CONVERSION = YES;
				GCC_WARN_ABOUT_RETURN_TYPE = YES_ERROR;
				GCC_WARN_UNDECLARED_SELECTOR = YES;
				GCC_WARN_UNINITIALIZED_AUTOS = YES_AGGRESSIVE;
				GCC_WARN_UNUSED_FUNCTION = YES;
				GCC_WARN_UNUSED_VARIABLE = YES;
				IPHONEOS_DEPLOYMENT_TARGET = 13.2;
				MTL_ENABLE_DEBUG_INFO = INCLUDE_SOURCE;
				MTL_FAST_MATH = YES;
				ONLY_ACTIVE_ARCH = YES;
				SDKROOT = iphoneos;
				SWIFT_ACTIVE_COMPILATION_CONDITIONS = DEBUG;
				SWIFT_OPTIMIZATION_LEVEL = "-Onone";
			};
			name = Debug;
		};
		04B5DF3224656AAD008D4C84 /* Release */ = {
			isa = XCBuildConfiguration;
			buildSettings = {
				ALWAYS_SEARCH_USER_PATHS = NO;
				CLANG_ANALYZER_NONNULL = YES;
				CLANG_ANALYZER_NUMBER_OBJECT_CONVERSION = YES_AGGRESSIVE;
				CLANG_CXX_LANGUAGE_STANDARD = "gnu++14";
				CLANG_CXX_LIBRARY = "libc++";
				CLANG_ENABLE_MODULES = YES;
				CLANG_ENABLE_OBJC_ARC = YES;
				CLANG_ENABLE_OBJC_WEAK = YES;
				CLANG_WARN_BLOCK_CAPTURE_AUTORELEASING = YES;
				CLANG_WARN_BOOL_CONVERSION = YES;
				CLANG_WARN_COMMA = YES;
				CLANG_WARN_CONSTANT_CONVERSION = YES;
				CLANG_WARN_DEPRECATED_OBJC_IMPLEMENTATIONS = YES;
				CLANG_WARN_DIRECT_OBJC_ISA_USAGE = YES_ERROR;
				CLANG_WARN_DOCUMENTATION_COMMENTS = YES;
				CLANG_WARN_EMPTY_BODY = YES;
				CLANG_WARN_ENUM_CONVERSION = YES;
				CLANG_WARN_INFINITE_RECURSION = YES;
				CLANG_WARN_INT_CONVERSION = YES;
				CLANG_WARN_NON_LITERAL_NULL_CONVERSION = YES;
				CLANG_WARN_OBJC_IMPLICIT_RETAIN_SELF = YES;
				CLANG_WARN_OBJC_LITERAL_CONVERSION = YES;
				CLANG_WARN_OBJC_ROOT_CLASS = YES_ERROR;
				CLANG_WARN_RANGE_LOOP_ANALYSIS = YES;
				CLANG_WARN_STRICT_PROTOTYPES = YES;
				CLANG_WARN_SUSPICIOUS_MOVE = YES;
				CLANG_WARN_UNGUARDED_AVAILABILITY = YES_AGGRESSIVE;
				CLANG_WARN_UNREACHABLE_CODE = YES;
				CLANG_WARN__DUPLICATE_METHOD_MATCH = YES;
				COPY_PHASE_STRIP = NO;
				DEBUG_INFORMATION_FORMAT = "dwarf-with-dsym";
				ENABLE_NS_ASSERTIONS = NO;
				ENABLE_STRICT_OBJC_MSGSEND = YES;
				GCC_C_LANGUAGE_STANDARD = gnu11;
				GCC_NO_COMMON_BLOCKS = YES;
				GCC_WARN_64_TO_32_BIT_CONVERSION = YES;
				GCC_WARN_ABOUT_RETURN_TYPE = YES_ERROR;
				GCC_WARN_UNDECLARED_SELECTOR = YES;
				GCC_WARN_UNINITIALIZED_AUTOS = YES_AGGRESSIVE;
				GCC_WARN_UNUSED_FUNCTION = YES;
				GCC_WARN_UNUSED_VARIABLE = YES;
				IPHONEOS_DEPLOYMENT_TARGET = 13.2;
				MTL_ENABLE_DEBUG_INFO = NO;
				MTL_FAST_MATH = YES;
				SDKROOT = iphoneos;
				SWIFT_COMPILATION_MODE = wholemodule;
				SWIFT_OPTIMIZATION_LEVEL = "-O";
				VALIDATE_PRODUCT = YES;
			};
			name = Release;
		};
		04B5DF3424656AAD008D4C84 /* Debug */ = {
			isa = XCBuildConfiguration;
			buildSettings = {
				ASSETCATALOG_COMPILER_APPICON_NAME = AppIcon;
				CODE_SIGN_STYLE = Automatic;
				DEVELOPMENT_TEAM = 2TZGX2W2TY;
				INFOPLIST_FILE = "Image Tracking Tutorial/Info.plist";
				LD_RUNPATH_SEARCH_PATHS = (
					"$(inherited)",
					"@executable_path/Frameworks",
				);
				PRODUCT_BUNDLE_IDENTIFIER = "com.heyletscode.Image-Tracking-Tutorial";
				PRODUCT_NAME = "$(TARGET_NAME)";
				SWIFT_VERSION = 5.0;
				TARGETED_DEVICE_FAMILY = "1,2";
			};
			name = Debug;
		};
		04B5DF3524656AAD008D4C84 /* Release */ = {
			isa = XCBuildConfiguration;
			buildSettings = {
				ASSETCATALOG_COMPILER_APPICON_NAME = AppIcon;
				CODE_SIGN_STYLE = Automatic;
				DEVELOPMENT_TEAM = 2TZGX2W2TY;
				INFOPLIST_FILE = "Image Tracking Tutorial/Info.plist";
				LD_RUNPATH_SEARCH_PATHS = (
					"$(inherited)",
					"@executable_path/Frameworks",
				);
				PRODUCT_BUNDLE_IDENTIFIER = "com.heyletscode.Image-Tracking-Tutorial";
				PRODUCT_NAME = "$(TARGET_NAME)";
				SWIFT_VERSION = 5.0;
				TARGETED_DEVICE_FAMILY = "1,2";
			};
			name = Release;
		};
		04B5DF3724656AAD008D4C84 /* Debug */ = {
			isa = XCBuildConfiguration;
			buildSettings = {
				ALWAYS_EMBED_SWIFT_STANDARD_LIBRARIES = YES;
				BUNDLE_LOADER = "$(TEST_HOST)";
				CODE_SIGN_STYLE = Automatic;
				DEVELOPMENT_TEAM = 2TZGX2W2TY;
				INFOPLIST_FILE = "Image Tracking TutorialTests/Info.plist";
				IPHONEOS_DEPLOYMENT_TARGET = 13.2;
				LD_RUNPATH_SEARCH_PATHS = (
					"$(inherited)",
					"@executable_path/Frameworks",
					"@loader_path/Frameworks",
				);
				PRODUCT_BUNDLE_IDENTIFIER = "com.heyletscode.Image-Tracking-TutorialTests";
				PRODUCT_NAME = "$(TARGET_NAME)";
				SWIFT_VERSION = 5.0;
				TARGETED_DEVICE_FAMILY = "1,2";
				TEST_HOST = "$(BUILT_PRODUCTS_DIR)/Image Tracking Tutorial.app/Image Tracking Tutorial";
			};
			name = Debug;
		};
		04B5DF3824656AAD008D4C84 /* Release */ = {
			isa = XCBuildConfiguration;
			buildSettings = {
				ALWAYS_EMBED_SWIFT_STANDARD_LIBRARIES = YES;
				BUNDLE_LOADER = "$(TEST_HOST)";
				CODE_SIGN_STYLE = Automatic;
				DEVELOPMENT_TEAM = 2TZGX2W2TY;
				INFOPLIST_FILE = "Image Tracking TutorialTests/Info.plist";
				IPHONEOS_DEPLOYMENT_TARGET = 13.2;
				LD_RUNPATH_SEARCH_PATHS = (
					"$(inherited)",
					"@executable_path/Frameworks",
					"@loader_path/Frameworks",
				);
				PRODUCT_BUNDLE_IDENTIFIER = "com.heyletscode.Image-Tracking-TutorialTests";
				PRODUCT_NAME = "$(TARGET_NAME)";
				SWIFT_VERSION = 5.0;
				TARGETED_DEVICE_FAMILY = "1,2";
				TEST_HOST = "$(BUILT_PRODUCTS_DIR)/Image Tracking Tutorial.app/Image Tracking Tutorial";
			};
			name = Release;
		};
		04B5DF3A24656AAD008D4C84 /* Debug */ = {
			isa = XCBuildConfiguration;
			buildSettings = {
				ALWAYS_EMBED_SWIFT_STANDARD_LIBRARIES = YES;
				CODE_SIGN_STYLE = Automatic;
				DEVELOPMENT_TEAM = 2TZGX2W2TY;
				INFOPLIST_FILE = "Image Tracking TutorialUITests/Info.plist";
				LD_RUNPATH_SEARCH_PATHS = (
					"$(inherited)",
					"@executable_path/Frameworks",
					"@loader_path/Frameworks",
				);
				PRODUCT_BUNDLE_IDENTIFIER = "com.heyletscode.Image-Tracking-TutorialUITests";
				PRODUCT_NAME = "$(TARGET_NAME)";
				SWIFT_VERSION = 5.0;
				TARGETED_DEVICE_FAMILY = "1,2";
				TEST_TARGET_NAME = "Image Tracking Tutorial";
			};
			name = Debug;
		};
		04B5DF3B24656AAD008D4C84 /* Release */ = {
			isa = XCBuildConfiguration;
			buildSettings = {
				ALWAYS_EMBED_SWIFT_STANDARD_LIBRARIES = YES;
				CODE_SIGN_STYLE = Automatic;
				DEVELOPMENT_TEAM = 2TZGX2W2TY;
				INFOPLIST_FILE = "Image Tracking TutorialUITests/Info.plist";
				LD_RUNPATH_SEARCH_PATHS = (
					"$(inherited)",
					"@executable_path/Frameworks",
					"@loader_path/Frameworks",
				);
				PRODUCT_BUNDLE_IDENTIFIER = "com.heyletscode.Image-Tracking-TutorialUITests";
				PRODUCT_NAME = "$(TARGET_NAME)";
				SWIFT_VERSION = 5.0;
				TARGETED_DEVICE_FAMILY = "1,2";
				TEST_TARGET_NAME = "Image Tracking Tutorial";
			};
			name = Release;
		};
/* End XCBuildConfiguration section */

/* Begin XCConfigurationList section */
		04B5DF0424656AAC008D4C84 /* Build configuration list for PBXProject "Image Tracking Tutorial" */ = {
			isa = XCConfigurationList;
			buildConfigurations = (
				04B5DF3124656AAD008D4C84 /* Debug */,
				04B5DF3224656AAD008D4C84 /* Release */,
			);
			defaultConfigurationIsVisible = 0;
			defaultConfigurationName = Release;
		};
		04B5DF3324656AAD008D4C84 /* Build configuration list for PBXNativeTarget "Image Tracking Tutorial" */ = {
			isa = XCConfigurationList;
			buildConfigurations = (
				04B5DF3424656AAD008D4C84 /* Debug */,
				04B5DF3524656AAD008D4C84 /* Release */,
			);
			defaultConfigurationIsVisible = 0;
			defaultConfigurationName = Release;
		};
		04B5DF3624656AAD008D4C84 /* Build configuration list for PBXNativeTarget "Image Tracking TutorialTests" */ = {
			isa = XCConfigurationList;
			buildConfigurations = (
				04B5DF3724656AAD008D4C84 /* Debug */,
				04B5DF3824656AAD008D4C84 /* Release */,
			);
			defaultConfigurationIsVisible = 0;
			defaultConfigurationName = Release;
		};
		04B5DF3924656AAD008D4C84 /* Build configuration list for PBXNativeTarget "Image Tracking TutorialUITests" */ = {
			isa = XCConfigurationList;
			buildConfigurations = (
				04B5DF3A24656AAD008D4C84 /* Debug */,
				04B5DF3B24656AAD008D4C84 /* Release */,
			);
			defaultConfigurationIsVisible = 0;
			defaultConfigurationName = Release;
		};
/* End XCConfigurationList section */
	};
	rootObject = 04B5DF0124656AAC008D4C84 /* Project object */;
}
